
Microsoft Visual Studio Solution File, Format Version 12.00
# Visual Studio Version 17
VisualStudioVersion = 17.8.34511.84
MinimumVisualStudioVersion = 10.0.40219.1
Project("{FAE04EC0-301F-11D3-BF4B-00C04F79EFBC}") = "WindowsService1", "WindowsService1\WindowsService1.csproj", "{BF4C226F-1EF6-4F3B-BF03-E1316ED1099B}"
EndProject
Global
	GlobalSection(SolutionConfigurationPlatforms) = preSolution
		Debug|Any CPU = Debug|Any CPU
		Release|Any CPU = Release|Any CPU
	EndGlobalSection
	GlobalSection(ProjectConfigurationPlatforms) = postSolution
		{BF4C226F-1EF6-4F3B-BF03-E1316ED1099B}.Debug|Any CPU.ActiveCfg = Debug|Any CPU
		{BF4C226F-1EF6-4F3B-BF03-E1316ED1099B}.Debug|Any CPU.Build.0 = Debug|Any CPU
		{BF4C226F-1EF6-4F3B-BF03-E1316ED1099B}.Release|Any CPU.ActiveCfg = Release|Any CPU
		{BF4C226F-1EF6-4F3B-BF03-E1316ED1099B}.Release|Any CPU.Build.0 = Release|Any CPU
	EndGlobalSection
	GlobalSection(SolutionProperties) = preSolution
		HideSolutionNode = FALSE
	EndGlobalSection
	GlobalSection(ExtensibilityGlobals) = postSolution
		SolutionGuid = {0F0D862C-08B7-42C3-89A4-7CF36C93CCCC}
	EndGlobalSection
EndGlobal
